
Microsoft Visual Studio Solution File, Format Version 12.00
# Visual Studio 2013
VisualStudioVersion = 12.0.31101.0
MinimumVisualStudioVersion = 10.0.40219.1
Project("{FAE04EC0-301F-11D3-BF4B-00C04F79EFBC}") = "NPoco", "NPoco\NPoco.csproj", "{BCCBF883-0C0D-40FF-95B6-A2777DFF63DC}"
EndProject
Project("{FAE04EC0-301F-11D3-BF4B-00C04F79EFBC}") = "NPoco.Tests", "NPoco.Tests\NPoco.Tests.csproj", "{66821E67-2EBC-4497-AFF2-82022F95810C}"
EndProject
Project("{2150E333-8FDC-42A3-9474-1A3956D46DE8}") = ".build", ".build", "{E4E8422D-91F8-494E-A112-DF1523DBFE43}"
	ProjectSection(SolutionItems) = preProject
		Build.proj = Build.proj
		.build\MSBuild.Community.Tasks.dll = .build\MSBuild.Community.Tasks.dll
		.build\MSBuild.Community.Tasks.targets = .build\MSBuild.Community.Tasks.targets
	EndProjectSection
EndProject
Global
	GlobalSection(SolutionConfigurationPlatforms) = preSolution
		Debug|Any CPU = Debug|Any CPU
		Release|Any CPU = Release|Any CPU
	EndGlobalSection
	GlobalSection(ProjectConfigurationPlatforms) = postSolution
		{BCCBF883-0C0D-40FF-95B6-A2777DFF63DC}.Debug|Any CPU.ActiveCfg = Debug|Any CPU
		{BCCBF883-0C0D-40FF-95B6-A2777DFF63DC}.Debug|Any CPU.Build.0 = Debug|Any CPU
		{BCCBF883-0C0D-40FF-95B6-A2777DFF63DC}.Release|Any CPU.ActiveCfg = Release|Any CPU
		{BCCBF883-0C0D-40FF-95B6-A2777DFF63DC}.Release|Any CPU.Build.0 = Release|Any CPU
		{66821E67-2EBC-4497-AFF2-82022F95810C}.Debug|Any CPU.ActiveCfg = Debug|Any CPU
		{66821E67-2EBC-4497-AFF2-82022F95810C}.Debug|Any CPU.Build.0 = Debug|Any CPU
		{66821E67-2EBC-4497-AFF2-82022F95810C}.Release|Any CPU.ActiveCfg = Release|Any CPU
		{66821E67-2EBC-4497-AFF2-82022F95810C}.Release|Any CPU.Build.0 = Release|Any CPU
	EndGlobalSection
	GlobalSection(SolutionProperties) = preSolution
		HideSolutionNode = FALSE
	EndGlobalSection
EndGlobal
